
Microsoft Visual Studio Solution File, Format Version 12.00
# Visual Studio Version 17
VisualStudioVersion = 17.6.33815.320
MinimumVisualStudioVersion = 10.0.40219.1
Project("{FAE04EC0-301F-11D3-BF4B-00C04F79EFBC}") = "TerraSymposium PEACE Server", "TerraSymposium PEACE Server.csproj", "{08515D99-57F4-4B95-AD21-CF6C8DDDB5CA}"
EndProject
Global
	GlobalSection(SolutionConfigurationPlatforms) = preSolution
		Debug|Any CPU = Debug|Any CPU
		Release|Any CPU = Release|Any CPU
	EndGlobalSection
	GlobalSection(ProjectConfigurationPlatforms) = postSolution
		{08515D99-57F4-4B95-AD21-CF6C8DDDB5CA}.Debug|Any CPU.ActiveCfg = Debug|Any CPU
		{08515D99-57F4-4B95-AD21-CF6C8DDDB5CA}.Debug|Any CPU.Build.0 = Debug|Any CPU
		{08515D99-57F4-4B95-AD21-CF6C8DDDB5CA}.Release|Any CPU.ActiveCfg = Release|Any CPU
		{08515D99-57F4-4B95-AD21-CF6C8DDDB5CA}.Release|Any CPU.Build.0 = Release|Any CPU
	EndGlobalSection
	GlobalSection(SolutionProperties) = preSolution
		HideSolutionNode = FALSE
	EndGlobalSection
	GlobalSection(ExtensibilityGlobals) = postSolution
		SolutionGuid = {E6017595-F530-4F49-A375-88FCAAA44B42}
	EndGlobalSection
EndGlobal
